{
  "name": "apps-script-router",
  "version": "1.0.0",
  "lockfileVersion": 1,
  "requires": true,
  "dependencies": {
    "@types/google-apps-script": {
      "version": "0.0.55",
      "resolved": "https://registry.npmjs.org/@types/google-apps-script/-/google-apps-script-0.0.55.tgz",
      "integrity": "sha512-Nf3Km5+ZCz+8iRs+/BT2UFOn6Lp/nxtHIalBnVak8z3L0aQ6ZKpWrnGLxQU+Y2+Ue4XD7U3tPjZ2HtVRWOL43g==",
      "dev": true
    }
  }
}
